// !$*UTF8*$!
{
	archiveVersion = 1;
	classes = {
	};
	objectVersion = 46;
	objects = {

/* Begin PBXBuildFile section */
		D998372E1CAE28BC00A5058D /* main.m in Sources */ = {isa = PBXBuildFile; fileRef = D998372D1CAE28BC00A5058D /* main.m */; };
		D99837311CAE28BC00A5058D /* AppDelegate.m in Sources */ = {isa = PBXBuildFile; fileRef = D99837301CAE28BC00A5058D /* AppDelegate.m */; };
		D99837341CAE28BC00A5058D /* ViewController.m in Sources */ = {isa = PBXBuildFile; fileRef = D99837331CAE28BC00A5058D /* ViewController.m */; };
		D99837371CAE28BC00A5058D /* Main.storyboard in Resources */ = {isa = PBXBuildFile; fileRef = D99837351CAE28BC00A5058D /* Main.storyboard */; };
		D99837391CAE28BC00A5058D /* Assets.xcassets in Resources */ = {isa = PBXBuildFile; fileRef = D99837381CAE28BC00A5058D /* Assets.xcassets */; };
		D998373C1CAE28BC00A5058D /* LaunchScreen.storyboard in Resources */ = {isa = PBXBuildFile; fileRef = D998373A1CAE28BC00A5058D /* LaunchScreen.storyboard */; };
/* End PBXBuildFile section */

/* Begin PBXFileReference section */
		D99837291CAE28BC00A5058D /* Assignment3-3.app */ = {isa = PBXFileReference; explicitFileType = wrapper.application; includeInIndex = 0; path = "Assignment3-3.app"; sourceTree = BUILT_PRODUCTS_DIR; };
		D998372D1CAE28BC00A5058D /* main.m */ = {isa = PBXFileReference; lastKnownFileType = sourcecode.c.objc; path = main.m; sourceTree = "<group>"; };
		D998372F1CAE28BC00A5058D /* AppDelegate.h */ = {isa = PBXFileReference; lastKnownFileType = sourcecode.c.h; path = AppDelegate.h; sourceTree = "<group>"; };
		D99837301CAE28BC00A5058D /* AppDelegate.m */ = {isa = PBXFileReference; lastKnownFileType = sourcecode.c.objc; path = AppDelegate.m; sourceTree = "<group>"; };
		D99837321CAE28BC00A5058D /* ViewController.h */ = {isa = PBXFileReference; lastKnownFileType = sourcecode.c.h; path = ViewController.h; sourceTree = "<group>"; };
		D99837331CAE28BC00A5058D /* ViewController.m */ = {isa = PBXFileReference; lastKnownFileType = sourcecode.c.objc; path = ViewController.m; sourceTree = "<group>"; };
		D99837361CAE28BC00A5058D /* Base */ = {isa = PBXFileReference; lastKnownFileType = file.storyboard; name = Base; path = Base.lproj/Main.storyboard; sourceTree = "<group>"; };
		D99837381CAE28BC00A5058D /* Assets.xcassets */ = {isa = PBXFileReference; lastKnownFileType = folder.assetcatalog; path = Assets.xcassets; sourceTree = "<group>"; };
		D998373B1CAE28BC00A5058D /* Base */ = {isa = PBXFileReference; lastKnownFileType = file.storyboard; name = Base; path = Base.lproj/LaunchScreen.storyboard; sourceTree = "<group>"; };
		D998373D1CAE28BC00A5058D /* Info.plist */ = {isa = PBXFileReference; lastKnownFileType = text.plist.xml; path = Info.plist; sourceTree = "<group>"; };
/* End PBXFileReference section */

/* Begin PBXFrameworksBuildPhase section */
		D99837261CAE28BC00A5058D /* Frameworks */ = {
			isa = PBXFrameworksBuildPhase;
			buildActionMask = 2147483647;
			files = (
			);
			runOnlyForDeploymentPostprocessing = 0;
		};
/* End PBXFrameworksBuildPhase section */

/* Begin PBXGroup section */
		D99837201CAE28BC00A5058D = {
			isa = PBXGroup;
			children = (
				D998372B1CAE28BC00A5058D /* Assignment3-3 */,
				D998372A1CAE28BC00A5058D /* Products */,
			);
			sourceTree = "<group>";
		};
		D998372A1CAE28BC00A5058D /* Products */ = {
			isa = PBXGroup;
			children = (
				D99837291CAE28BC00A5058D /* Assignment3-3.app */,
			);
			name = Products;
			sourceTree = "<group>";
		};
		D998372B1CAE28BC00A5058D /* Assignment3-3 */ = {
			isa = PBXGroup;
			children = (
				D998372F1CAE28BC00A5058D /* AppDelegate.h */,
				D99837301CAE28BC00A5058D /* AppDelegate.m */,
				D99837321CAE28BC00A5058D /* ViewController.h */,
				D99837331CAE28BC00A5058D /* ViewController.m */,
				D99837351CAE28BC00A5058D /* Main.storyboard */,
				D99837381CAE28BC00A5058D /* Assets.xcassets */,
				D998373A1CAE28BC00A5058D /* LaunchScreen.storyboard */,
				D998373D1CAE28BC00A5058D /* Info.plist */,
				D998372C1CAE28BC00A5058D /* Supporting Files */,
			);
			path = "Assignment3-3";
			sourceTree = "<group>";
		};
		D998372C1CAE28BC00A5058D /* Supporting Files */ = {
			isa = PBXGroup;
			children = (
				D998372D1CAE28BC00A5058D /* main.m */,
			);
			name = "Supporting Files";
			sourceTree = "<group>";
		};
/* End PBXGroup section */

/* Begin PBXNativeTarget section */
		D99837281CAE28BC00A5058D /* Assignment3-3 */ = {
			isa = PBXNativeTarget;
			buildConfigurationList = D99837401CAE28BC00A5058D /* Build configuration list for PBXNativeTarget "Assignment3-3" */;
			buildPhases = (
				D99837251CAE28BC00A5058D /* Sources */,
				D99837261CAE28BC00A5058D /* Frameworks */,
				D99837271CAE28BC00A5058D /* Resources */,
			);
			buildRules = (
			);
			dependencies = (
			);
			name = "Assignment3-3";
			productName = "Assignment3-3";
			productReference = D99837291CAE28BC00A5058D /* Assignment3-3.app */;
			productType = "com.apple.product-type.application";
		};
/* End PBXNativeTarget section */

/* Begin PBXProject section */
		D99837211CAE28BC00A5058D /* Project object */ = {
			isa = PBXProject;
			attributes = {
				LastUpgradeCheck = 0720;
				ORGANIZATIONNAME = TriBM;
				TargetAttributes = {
					D99837281CAE28BC00A5058D = {
						CreatedOnToolsVersion = 7.2;
					};
				};
			};
			buildConfigurationList = D99837241CAE28BC00A5058D /* Build configuration list for PBXProject "Assignment3-3" */;
			compatibilityVersion = "Xcode 3.2";
			developmentRegion = English;
			hasScannedForEncodings = 0;
			knownRegions = (
				en,
				Base,
			);
			mainGroup = D99837201CAE28BC00A5058D;
			productRefGroup = D998372A1CAE28BC00A5058D /* Products */;
			projectDirPath = "";
			projectRoot = "";
			targets = (
				D99837281CAE28BC00A5058D /* Assignment3-3 */,
			);
		};
/* End PBXProject section */

/* Begin PBXResourcesBuildPhase section */
		D99837271CAE28BC00A5058D /* Resources */ = {
			isa = PBXResourcesBuildPhase;
			buildActionMask = 2147483647;
			files = (
				D998373C1CAE28BC00A5058D /* LaunchScreen.storyboard in Resources */,
				D99837391CAE28BC00A5058D /* Assets.xcassets in Resources */,
				D99837371CAE28BC00A5058D /* Main.storyboard in Resources */,
			);
			runOnlyForDeploymentPostprocessing = 0;
		};
/* End PBXResourcesBuildPhase section */

/* Begin PBXSourcesBuildPhase section */
		D99837251CAE28BC00A5058D /* Sources */ = {
			isa = PBXSourcesBuildPhase;
			buildActionMask = 2147483647;
			files = (
				D99837341CAE28BC00A5058D /* ViewController.m in Sources */,
				D99837311CAE28BC00A5058D /* AppDelegate.m in Sources */,
				D998372E1CAE28BC00A5058D /* main.m in Sources */,
			);
			runOnlyForDeploymentPostprocessing = 0;
		};
/* End PBXSourcesBuildPhase section */

/* Begin PBXVariantGroup section */
		D99837351CAE28BC00A5058D /* Main.storyboard */ = {
			isa = PBXVariantGroup;
			children = (
				D99837361CAE28BC00A5058D /* Base */,
			);
			name = Main.storyboard;
			sourceTree = "<group>";
		};
		D998373A1CAE28BC00A5058D /* LaunchScreen.storyboard */ = {
			isa = PBXVariantGroup;
			children = (
				D998373B1CAE28BC00A5058D /* Base */,
			);
			name = LaunchScreen.storyboard;
			sourceTree = "<group>";
		};
/* End PBXVariantGroup section */

/* Begin XCBuildConfiguration section */
		D998373E1CAE28BC00A5058D /* Debug */ = {
			isa = XCBuildConfiguration;
			buildSettings = {
				ALWAYS_SEARCH_USER_PATHS = NO;
				CLANG_CXX_LANGUAGE_STANDARD = "gnu++0x";
				CLANG_CXX_LIBRARY = "libc++";
				CLANG_ENABLE_MODULES = YES;
				CLANG_ENABLE_OBJC_ARC = YES;
				CLANG_WARN_BOOL_CONVERSION = YES;
				CLANG_WARN_CONSTANT_CONVERSION = YES;
				CLANG_WARN_DIRECT_OBJC_ISA_USAGE = YES_ERROR;
				CLANG_WARN_EMPTY_BODY = YES;
				CLANG_WARN_ENUM_CONVERSION = YES;
				CLANG_WARN_INT_CONVERSION = YES;
				CLANG_WARN_OBJC_ROOT_CLASS = YES_ERROR;
				CLANG_WARN_UNREACHABLE_CODE = YES;
				CLANG_WARN__DUPLICATE_METHOD_MATCH = YES;
				"CODE_SIGN_IDENTITY[sdk=iphoneos*]" = "iPhone Developer";
				COPY_PHASE_STRIP = NO;
				DEBUG_INFORMATION_FORMAT = dwarf;
				ENABLE_STRICT_OBJC_MSGSEND = YES;
				ENABLE_TESTABILITY = YES;
				GCC_C_LANGUAGE_STANDARD = gnu99;
				GCC_DYNAMIC_NO_PIC = NO;
				GCC_NO_COMMON_BLOCKS = YES;
				GCC_OPTIMIZATION_LEVEL = 0;
				GCC_PREPROCESSOR_DEFINITIONS = (
					"DEBUG=1",
					"$(inherited)",
				);
				GCC_WARN_64_TO_32_BIT_CONVERSION = YES;
				GCC_WARN_ABOUT_RETURN_TYPE = YES_ERROR;
				GCC_WARN_UNDECLARED_SELECTOR = YES;
				GCC_WARN_UNINITIALIZED_AUTOS = YES_AGGRESSIVE;
				GCC_WARN_UNUSED_FUNCTION = YES;
				GCC_WARN_UNUSED_VARIABLE = YES;
				IPHONEOS_DEPLOYMENT_TARGET = 9.2;
				MTL_ENABLE_DEBUG_INFO = YES;
				ONLY_ACTIVE_ARCH = YES;
				SDKROOT = iphoneos;
				TARGETED_DEVICE_FAMILY = "1,2";
			};
			name = Debug;
		};
		D998373F1CAE28BC00A5058D /* Release */ = {
			isa = XCBuildConfiguration;
			buildSettings = {
				ALWAYS_SEARCH_USER_PATHS = NO;
				CLANG_CXX_LANGUAGE_STANDARD = "gnu++0x";
				CLANG_CXX_LIBRARY = "libc++";
				CLANG_ENABLE_MODULES = YES;
				CLANG_ENABLE_OBJC_ARC = YES;
				CLANG_WARN_BOOL_CONVERSION = YES;
				CLANG_WARN_CONSTANT_CONVERSION = YES;
				CLANG_WARN_DIRECT_OBJC_ISA_USAGE = YES_ERROR;
				CLANG_WARN_EMPTY_BODY = YES;
				CLANG_WARN_ENUM_CONVERSION = YES;
				CLANG_WARN_INT_CONVERSION = YES;
				CLANG_WARN_OBJC_ROOT_CLASS = YES_ERROR;
				CLANG_WARN_UNREACHABLE_CODE = YES;
				CLANG_WARN__DUPLICATE_METHOD_MATCH = YES;
				"CODE_SIGN_IDENTITY[sdk=iphoneos*]" = "iPhone Developer";
				COPY_PHASE_STRIP = NO;
				DEBUG_INFORMATION_FORMAT = "dwarf-with-dsym";
				ENABLE_NS_ASSERTIONS = NO;
				ENABLE_STRICT_OBJC_MSGSEND = YES;
				GCC_C_LANGUAGE_STANDARD = gnu99;
				GCC_NO_COMMON_BLOCKS = YES;
				GCC_WARN_64_TO_32_BIT_CONVERSION = YES;
				GCC_WARN_ABOUT_RETURN_TYPE = YES_ERROR;
				GCC_WARN_UNDECLARED_SELECTOR = YES;
				GCC_WARN_UNINITIALIZED_AUTOS = YES_AGGRESSIVE;
				GCC_WARN_UNUSED_FUNCTION = YES;
				GCC_WARN_UNUSED_VARIABLE = YES;
				IPHONEOS_DEPLOYMENT_TARGET = 9.2;
				MTL_ENABLE_DEBUG_INFO = NO;
				SDKROOT = iphoneos;
				TARGETED_DEVICE_FAMILY = "1,2";
				VALIDATE_PRODUCT = YES;
			};
			name = Release;
		};
		D99837411CAE28BC00A5058D /* Debug */ = {
			isa = XCBuildConfiguration;
			buildSettings = {
				ASSETCATALOG_COMPILER_APPICON_NAME = AppIcon;
				INFOPLIST_FILE = "Assignment3-3/Info.plist";
				LD_RUNPATH_SEARCH_PATHS = "$(inherited) @executable_path/Frameworks";
				PRODUCT_BUNDLE_IDENTIFIER = "tribm.Assignment3-3";
				PRODUCT_NAME = "$(TARGET_NAME)";
			};
			name = Debug;
		};
		D99837421CAE28BC00A5058D /* Release */ = {
			isa = XCBuildConfiguration;
			buildSettings = {
				ASSETCATALOG_COMPILER_APPICON_NAME = AppIcon;
				INFOPLIST_FILE = "Assignment3-3/Info.plist";
				LD_RUNPATH_SEARCH_PATHS = "$(inherited) @executable_path/Frameworks";
				PRODUCT_BUNDLE_IDENTIFIER = "tribm.Assignment3-3";
				PRODUCT_NAME = "$(TARGET_NAME)";
			};
			name = Release;
		};
/* End XCBuildConfiguration section */

/* Begin XCConfigurationList section */
		D99837241CAE28BC00A5058D /* Build configuration list for PBXProject "Assignment3-3" */ = {
			isa = XCConfigurationList;
			buildConfigurations = (
				D998373E1CAE28BC00A5058D /* Debug */,
				D998373F1CAE28BC00A5058D /* Release */,
			);
			defaultConfigurationIsVisible = 0;
			defaultConfigurationName = Release;
		};
		D99837401CAE28BC00A5058D /* Build configuration list for PBXNativeTarget "Assignment3-3" */ = {
			isa = XCConfigurationList;
			buildConfigurations = (
				D99837411CAE28BC00A5058D /* Debug */,
				D99837421CAE28BC00A5058D /* Release */,
			);
			defaultConfigurationIsVisible = 0;
		};
/* End XCConfigurationList section */
	};
	rootObject = D99837211CAE28BC00A5058D /* Project object */;
}
